
Microsoft Visual Studio Solution File, Format Version 12.00
# Visual Studio 15
VisualStudioVersion = 15.0.27703.2000
MinimumVisualStudioVersion = 10.0.40219.1
Project("{FAE04EC0-301F-11D3-BF4B-00C04F79EFBC}") = "DBDataToJson", "DBDataToJson\DBDataToJson.csproj", "{D47AEF8F-F317-48E9-B5B4-693E62965769}"
EndProject
Global
	GlobalSection(SolutionConfigurationPlatforms) = preSolution
		Debug|Any CPU = Debug|Any CPU
		Release|Any CPU = Release|Any CPU
	EndGlobalSection
	GlobalSection(ProjectConfigurationPlatforms) = postSolution
		{D47AEF8F-F317-48E9-B5B4-693E62965769}.Debug|Any CPU.ActiveCfg = Debug|Any CPU
		{D47AEF8F-F317-48E9-B5B4-693E62965769}.Debug|Any CPU.Build.0 = Debug|Any CPU
		{D47AEF8F-F317-48E9-B5B4-693E62965769}.Release|Any CPU.ActiveCfg = Release|Any CPU
		{D47AEF8F-F317-48E9-B5B4-693E62965769}.Release|Any CPU.Build.0 = Release|Any CPU
	EndGlobalSection
	GlobalSection(SolutionProperties) = preSolution
		HideSolutionNode = FALSE
	EndGlobalSection
	GlobalSection(ExtensibilityGlobals) = postSolution
		SolutionGuid = {FAC6EDE1-08E7-46F4-8368-B8CB3D6F5B56}
	EndGlobalSection
EndGlobal
